// !$*UTF8*$!
{
	archiveVersion = 1;
	classes = {
	};
	objectVersion = 50;
	objects = {

/* Begin PBXBuildFile section */
		CD2300032130FDBB0075A6CB /* Heart.swift in Sources */ = {isa = PBXBuildFile; fileRef = CD2300022130FDBB0075A6CB /* Heart.swift */; };
		CD23FFF02130FD8A0075A6CB /* AppDelegate.swift in Sources */ = {isa = PBXBuildFile; fileRef = CD23FFEF2130FD8A0075A6CB /* AppDelegate.swift */; };
		CD23FFF22130FD8A0075A6CB /* HeartViewController.swift in Sources */ = {isa = PBXBuildFile; fileRef = CD23FFF12130FD8A0075A6CB /* HeartViewController.swift */; };
		CD23FFF52130FD8A0075A6CB /* Main.storyboard in Resources */ = {isa = PBXBuildFile; fileRef = CD23FFF32130FD8A0075A6CB /* Main.storyboard */; };
		CD23FFF72130FD8D0075A6CB /* Assets.xcassets in Resources */ = {isa = PBXBuildFile; fileRef = CD23FFF62130FD8D0075A6CB /* Assets.xcassets */; };
		CD23FFFA2130FD8D0075A6CB /* LaunchScreen.storyboard in Resources */ = {isa = PBXBuildFile; fileRef = CD23FFF82130FD8D0075A6CB /* LaunchScreen.storyboard */; };
/* End PBXBuildFile section */

/* Begin PBXFileReference section */
		CD2300022130FDBB0075A6CB /* Heart.swift */ = {isa = PBXFileReference; lastKnownFileType = sourcecode.swift; path = Heart.swift; sourceTree = "<group>"; };
		CD23FFEC2130FD8A0075A6CB /* Human Body Experiment.app */ = {isa = PBXFileReference; explicitFileType = wrapper.application; includeInIndex = 0; path = "Human Body Experiment.app"; sourceTree = BUILT_PRODUCTS_DIR; };
		CD23FFEF2130FD8A0075A6CB /* AppDelegate.swift */ = {isa = PBXFileReference; lastKnownFileType = sourcecode.swift; path = AppDelegate.swift; sourceTree = "<group>"; };
		CD23FFF12130FD8A0075A6CB /* HeartViewController.swift */ = {isa = PBXFileReference; lastKnownFileType = sourcecode.swift; path = HeartViewController.swift; sourceTree = "<group>"; };
		CD23FFF42130FD8A0075A6CB /* Base */ = {isa = PBXFileReference; lastKnownFileType = file.storyboard; name = Base; path = Base.lproj/Main.storyboard; sourceTree = "<group>"; };
		CD23FFF62130FD8D0075A6CB /* Assets.xcassets */ = {isa = PBXFileReference; lastKnownFileType = folder.assetcatalog; path = Assets.xcassets; sourceTree = "<group>"; };
		CD23FFF92130FD8D0075A6CB /* Base */ = {isa = PBXFileReference; lastKnownFileType = file.storyboard; name = Base; path = Base.lproj/LaunchScreen.storyboard; sourceTree = "<group>"; };
		CD23FFFB2130FD8D0075A6CB /* Info.plist */ = {isa = PBXFileReference; lastKnownFileType = text.plist.xml; path = Info.plist; sourceTree = "<group>"; };
/* End PBXFileReference section */

/* Begin PBXFrameworksBuildPhase section */
		CD23FFE92130FD8A0075A6CB /* Frameworks */ = {
			isa = PBXFrameworksBuildPhase;
			buildActionMask = 2147483647;
			files = (
			);
			runOnlyForDeploymentPostprocessing = 0;
		};
/* End PBXFrameworksBuildPhase section */

/* Begin PBXGroup section */
		CD2300012130FDAE0075A6CB /* Models */ = {
			isa = PBXGroup;
			children = (
				CD2300022130FDBB0075A6CB /* Heart.swift */,
			);
			path = Models;
			sourceTree = "<group>";
		};
		CD23FFE32130FD8A0075A6CB = {
			isa = PBXGroup;
			children = (
				CD23FFEE2130FD8A0075A6CB /* Human Body Experiment */,
				CD23FFED2130FD8A0075A6CB /* Products */,
			);
			sourceTree = "<group>";
		};
		CD23FFED2130FD8A0075A6CB /* Products */ = {
			isa = PBXGroup;
			children = (
				CD23FFEC2130FD8A0075A6CB /* Human Body Experiment.app */,
			);
			name = Products;
			sourceTree = "<group>";
		};
		CD23FFEE2130FD8A0075A6CB /* Human Body Experiment */ = {
			isa = PBXGroup;
			children = (
				CD2300012130FDAE0075A6CB /* Models */,
				CD23FFEF2130FD8A0075A6CB /* AppDelegate.swift */,
				CD23FFF12130FD8A0075A6CB /* HeartViewController.swift */,
				CD23FFF32130FD8A0075A6CB /* Main.storyboard */,
				CD23FFF62130FD8D0075A6CB /* Assets.xcassets */,
				CD23FFF82130FD8D0075A6CB /* LaunchScreen.storyboard */,
				CD23FFFB2130FD8D0075A6CB /* Info.plist */,
			);
			path = "Human Body Experiment";
			sourceTree = "<group>";
		};
/* End PBXGroup section */

/* Begin PBXNativeTarget section */
		CD23FFEB2130FD8A0075A6CB /* Human Body Experiment */ = {
			isa = PBXNativeTarget;
			buildConfigurationList = CD23FFFE2130FD8D0075A6CB /* Build configuration list for PBXNativeTarget "Human Body Experiment" */;
			buildPhases = (
				CD23FFE82130FD8A0075A6CB /* Sources */,
				CD23FFE92130FD8A0075A6CB /* Frameworks */,
				CD23FFEA2130FD8A0075A6CB /* Resources */,
			);
			buildRules = (
			);
			dependencies = (
			);
			name = "Human Body Experiment";
			productName = "Human Body Experiment";
			productReference = CD23FFEC2130FD8A0075A6CB /* Human Body Experiment.app */;
			productType = "com.apple.product-type.application";
		};
/* End PBXNativeTarget section */

/* Begin PBXProject section */
		CD23FFE42130FD8A0075A6CB /* Project object */ = {
			isa = PBXProject;
			attributes = {
				LastSwiftUpdateCheck = 0940;
				LastUpgradeCheck = 0940;
				ORGANIZATIONNAME = "Pedro Bandeira";
				TargetAttributes = {
					CD23FFEB2130FD8A0075A6CB = {
						CreatedOnToolsVersion = 9.4.1;
					};
				};
			};
			buildConfigurationList = CD23FFE72130FD8A0075A6CB /* Build configuration list for PBXProject "Human Body Experiment" */;
			compatibilityVersion = "Xcode 9.3";
			developmentRegion = en;
			hasScannedForEncodings = 0;
			knownRegions = (
				en,
				Base,
			);
			mainGroup = CD23FFE32130FD8A0075A6CB;
			productRefGroup = CD23FFED2130FD8A0075A6CB /* Products */;
			projectDirPath = "";
			projectRoot = "";
			targets = (
				CD23FFEB2130FD8A0075A6CB /* Human Body Experiment */,
			);
		};
/* End PBXProject section */

/* Begin PBXResourcesBuildPhase section */
		CD23FFEA2130FD8A0075A6CB /* Resources */ = {
			isa = PBXResourcesBuildPhase;
			buildActionMask = 2147483647;
			files = (
				CD23FFFA2130FD8D0075A6CB /* LaunchScreen.storyboard in Resources */,
				CD23FFF72130FD8D0075A6CB /* Assets.xcassets in Resources */,
				CD23FFF52130FD8A0075A6CB /* Main.storyboard in Resources */,
			);
			runOnlyForDeploymentPostprocessing = 0;
		};
/* End PBXResourcesBuildPhase section */

/* Begin PBXSourcesBuildPhase section */
		CD23FFE82130FD8A0075A6CB /* Sources */ = {
			isa = PBXSourcesBuildPhase;
			buildActionMask = 2147483647;
			files = (
				CD2300032130FDBB0075A6CB /* Heart.swift in Sources */,
				CD23FFF22130FD8A0075A6CB /* HeartViewController.swift in Sources */,
				CD23FFF02130FD8A0075A6CB /* AppDelegate.swift in Sources */,
			);
			runOnlyForDeploymentPostprocessing = 0;
		};
/* End PBXSourcesBuildPhase section */

/* Begin PBXVariantGroup section */
		CD23FFF32130FD8A0075A6CB /* Main.storyboard */ = {
			isa = PBXVariantGroup;
			children = (
				CD23FFF42130FD8A0075A6CB /* Base */,
			);
			name = Main.storyboard;
			sourceTree = "<group>";
		};
		CD23FFF82130FD8D0075A6CB /* LaunchScreen.storyboard */ = {
			isa = PBXVariantGroup;
			children = (
				CD23FFF92130FD8D0075A6CB /* Base */,
			);
			name = LaunchScreen.storyboard;
			sourceTree = "<group>";
		};
/* End PBXVariantGroup section */

/* Begin XCBuildConfiguration section */
		CD2300002130FD8D0075A6CB /* Release */ = {
			isa = XCBuildConfiguration;
			buildSettings = {
				ASSETCATALOG_COMPILER_APPICON_NAME = AppIcon;
				CODE_SIGN_STYLE = Automatic;
				INFOPLIST_FILE = "Human Body Experiment/Info.plist";
				LD_RUNPATH_SEARCH_PATHS = (
					"$(inherited)",
					"@executable_path/Frameworks",
				);
				PRODUCT_BUNDLE_IDENTIFIER = "com.pedrobandeira.Human-Body-Experiment";
				PRODUCT_NAME = "$(TARGET_NAME)";
				SWIFT_VERSION = 4.0;
				TARGETED_DEVICE_FAMILY = "1,2";
			};
			name = Release;
		};
		CD23FFFC2130FD8D0075A6CB /* Debug */ = {
			isa = XCBuildConfiguration;
			buildSettings = {
				ALWAYS_SEARCH_USER_PATHS = NO;
				CLANG_ANALYZER_NONNULL = YES;
				CLANG_ANALYZER_NUMBER_OBJECT_CONVERSION = YES_AGGRESSIVE;
				CLANG_CXX_LANGUAGE_STANDARD = "gnu++14";
				CLANG_CXX_LIBRARY = "libc++";
				CLANG_ENABLE_MODULES = YES;
				CLANG_ENABLE_OBJC_ARC = YES;
				CLANG_ENABLE_OBJC_WEAK = YES;
				CLANG_WARN_BLOCK_CAPTURE_AUTORELEASING = YES;
				CLANG_WARN_BOOL_CONVERSION = YES;
				CLANG_WARN_COMMA = YES;
				CLANG_WARN_CONSTANT_CONVERSION = YES;
				CLANG_WARN_DEPRECATED_OBJC_IMPLEMENTATIONS = YES;
				CLANG_WARN_DIRECT_OBJC_ISA_USAGE = YES_ERROR;
				CLANG_WARN_DOCUMENTATION_COMMENTS = YES;
				CLANG_WARN_EMPTY_BODY = YES;
				CLANG_WARN_ENUM_CONVERSION = YES;
				CLANG_WARN_INFINITE_RECURSION = YES;
				CLANG_WARN_INT_CONVERSION = YES;
				CLANG_WARN_NON_LITERAL_NULL_CONVERSION = YES;
				CLANG_WARN_OBJC_IMPLICIT_RETAIN_SELF = YES;
				CLANG_WARN_OBJC_LITERAL_CONVERSION = YES;
				CLANG_WARN_OBJC_ROOT_CLASS = YES_ERROR;
				CLANG_WARN_RANGE_LOOP_ANALYSIS = YES;
				CLANG_WARN_STRICT_PROTOTYPES = YES;
				CLANG_WARN_SUSPICIOUS_MOVE = YES;
				CLANG_WARN_UNGUARDED_AVAILABILITY = YES_AGGRESSIVE;
				CLANG_WARN_UNREACHABLE_CODE = YES;
				CLANG_WARN__DUPLICATE_METHOD_MATCH = YES;
				CODE_SIGN_IDENTITY = "iPhone Developer";
				COPY_PHASE_STRIP = NO;
				DEBUG_INFORMATION_FORMAT = dwarf;
				ENABLE_STRICT_OBJC_MSGSEND = YES;
				ENABLE_TESTABILITY = YES;
				GCC_C_LANGUAGE_STANDARD = gnu11;
				GCC_DYNAMIC_NO_PIC = NO;
				GCC_NO_COMMON_BLOCKS = YES;
				GCC_OPTIMIZATION_LEVEL = 0;
				GCC_PREPROCESSOR_DEFINITIONS = (
					"DEBUG=1",
					"$(inherited)",
				);
				GCC_WARN_64_TO_32_BIT_CONVERSION = YES;
				GCC_WARN_ABOUT_RETURN_TYPE = YES_ERROR;
				GCC_WARN_UNDECLARED_SELECTOR = YES;
				GCC_WARN_UNINITIALIZED_AUTOS = YES_AGGRESSIVE;
				GCC_WARN_UNUSED_FUNCTION = YES;
				GCC_WARN_UNUSED_VARIABLE = YES;
				IPHONEOS_DEPLOYMENT_TARGET = 11.4;
				MTL_ENABLE_DEBUG_INFO = YES;
				ONLY_ACTIVE_ARCH = YES;
				SDKROOT = iphoneos;
				SWIFT_ACTIVE_COMPILATION_CONDITIONS = DEBUG;
				SWIFT_OPTIMIZATION_LEVEL = "-Onone";
			};
			name = Debug;
		};
		CD23FFFD2130FD8D0075A6CB /* Release */ = {
			isa = XCBuildConfiguration;
			buildSettings = {
				ALWAYS_SEARCH_USER_PATHS = NO;
				CLANG_ANALYZER_NONNULL = YES;
				CLANG_ANALYZER_NUMBER_OBJECT_CONVERSION = YES_AGGRESSIVE;
				CLANG_CXX_LANGUAGE_STANDARD = "gnu++14";
				CLANG_CXX_LIBRARY = "libc++";
				CLANG_ENABLE_MODULES = YES;
				CLANG_ENABLE_OBJC_ARC = YES;
				CLANG_ENABLE_OBJC_WEAK = YES;
				CLANG_WARN_BLOCK_CAPTURE_AUTORELEASING = YES;
				CLANG_WARN_BOOL_CONVERSION = YES;
				CLANG_WARN_COMMA = YES;
				CLANG_WARN_CONSTANT_CONVERSION = YES;
				CLANG_WARN_DEPRECATED_OBJC_IMPLEMENTATIONS = YES;
				CLANG_WARN_DIRECT_OBJC_ISA_USAGE = YES_ERROR;
				CLANG_WARN_DOCUMENTATION_COMMENTS = YES;
				CLANG_WARN_EMPTY_BODY = YES;
				CLANG_WARN_ENUM_CONVERSION = YES;
				CLANG_WARN_INFINITE_RECURSION = YES;
				CLANG_WARN_INT_CONVERSION = YES;
				CLANG_WARN_NON_LITERAL_NULL_CONVERSION = YES;
				CLANG_WARN_OBJC_IMPLICIT_RETAIN_SELF = YES;
				CLANG_WARN_OBJC_LITERAL_CONVERSION = YES;
				CLANG_WARN_OBJC_ROOT_CLASS = YES_ERROR;
				CLANG_WARN_RANGE_LOOP_ANALYSIS = YES;
				CLANG_WARN_STRICT_PROTOTYPES = YES;
				CLANG_WARN_SUSPICIOUS_MOVE = YES;
				CLANG_WARN_UNGUARDED_AVAILABILITY = YES_AGGRESSIVE;
				CLANG_WARN_UNREACHABLE_CODE = YES;
				CLANG_WARN__DUPLICATE_METHOD_MATCH = YES;
				CODE_SIGN_IDENTITY = "iPhone Developer";
				COPY_PHASE_STRIP = NO;
				DEBUG_INFORMATION_FORMAT = "dwarf-with-dsym";
				ENABLE_NS_ASSERTIONS = NO;
				ENABLE_STRICT_OBJC_MSGSEND = YES;
				GCC_C_LANGUAGE_STANDARD = gnu11;
				GCC_NO_COMMON_BLOCKS = YES;
				GCC_WARN_64_TO_32_BIT_CONVERSION = YES;
				GCC_WARN_ABOUT_RETURN_TYPE = YES_ERROR;
				GCC_WARN_UNDECLARED_SELECTOR = YES;
				GCC_WARN_UNINITIALIZED_AUTOS = YES_AGGRESSIVE;
				GCC_WARN_UNUSED_FUNCTION = YES;
				GCC_WARN_UNUSED_VARIABLE = YES;
				IPHONEOS_DEPLOYMENT_TARGET = 11.4;
				MTL_ENABLE_DEBUG_INFO = NO;
				SDKROOT = iphoneos;
				SWIFT_COMPILATION_MODE = wholemodule;
				SWIFT_OPTIMIZATION_LEVEL = "-O";
				VALIDATE_PRODUCT = YES;
			};
			name = Release;
		};
		CD23FFFF2130FD8D0075A6CB /* Debug */ = {
			isa = XCBuildConfiguration;
			buildSettings = {
				ASSETCATALOG_COMPILER_APPICON_NAME = AppIcon;
				CODE_SIGN_STYLE = Automatic;
				INFOPLIST_FILE = "Human Body Experiment/Info.plist";
				LD_RUNPATH_SEARCH_PATHS = (
					"$(inherited)",
					"@executable_path/Frameworks",
				);
				PRODUCT_BUNDLE_IDENTIFIER = "com.pedrobandeira.Human-Body-Experiment";
				PRODUCT_NAME = "$(TARGET_NAME)";
				SWIFT_VERSION = 4.0;
				TARGETED_DEVICE_FAMILY = "1,2";
			};
			name = Debug;
		};
/* End XCBuildConfiguration section */

/* Begin XCConfigurationList section */
		CD23FFE72130FD8A0075A6CB /* Build configuration list for PBXProject "Human Body Experiment" */ = {
			isa = XCConfigurationList;
			buildConfigurations = (
				CD23FFFC2130FD8D0075A6CB /* Debug */,
				CD23FFFD2130FD8D0075A6CB /* Release */,
			);
			defaultConfigurationIsVisible = 0;
			defaultConfigurationName = Release;
		};
		CD23FFFE2130FD8D0075A6CB /* Build configuration list for PBXNativeTarget "Human Body Experiment" */ = {
			isa = XCConfigurationList;
			buildConfigurations = (
				CD23FFFF2130FD8D0075A6CB /* Debug */,
				CD2300002130FD8D0075A6CB /* Release */,
			);
			defaultConfigurationIsVisible = 0;
			defaultConfigurationName = Release;
		};
/* End XCConfigurationList section */
	};
	rootObject = CD23FFE42130FD8A0075A6CB /* Project object */;
}
